
Microsoft Visual Studio Solution File, Format Version 12.00
# Visual Studio Version 17
VisualStudioVersion = 17.4.33103.184
MinimumVisualStudioVersion = 10.0.40219.1
Project("{9A19103F-16F7-4668-BE54-9A1E7A4F7556}") = "HelloWPF", "HelloWPF.csproj", "{254A536E-6F56-461F-926C-F437EF2D1627}"
EndProject
Project("{FAE04EC0-301F-11D3-BF4B-00C04F79EFBC}") = "ControlLibrary", "..\ControlLibrary\ControlLibrary.csproj", "{6DC59BE7-2A27-4F5D-A4BD-6EB01CCC0AF7}"
EndProject
Global
	GlobalSection(SolutionConfigurationPlatforms) = preSolution
		Debug|Any CPU = Debug|Any CPU
		Release|Any CPU = Release|Any CPU
	EndGlobalSection
	GlobalSection(ProjectConfigurationPlatforms) = postSolution
		{254A536E-6F56-461F-926C-F437EF2D1627}.Debug|Any CPU.ActiveCfg = Debug|Any CPU
		{254A536E-6F56-461F-926C-F437EF2D1627}.Debug|Any CPU.Build.0 = Debug|Any CPU
		{254A536E-6F56-461F-926C-F437EF2D1627}.Release|Any CPU.ActiveCfg = Release|Any CPU
		{254A536E-6F56-461F-926C-F437EF2D1627}.Release|Any CPU.Build.0 = Release|Any CPU
		{6DC59BE7-2A27-4F5D-A4BD-6EB01CCC0AF7}.Debug|Any CPU.ActiveCfg = Debug|Any CPU
		{6DC59BE7-2A27-4F5D-A4BD-6EB01CCC0AF7}.Debug|Any CPU.Build.0 = Debug|Any CPU
		{6DC59BE7-2A27-4F5D-A4BD-6EB01CCC0AF7}.Release|Any CPU.ActiveCfg = Release|Any CPU
		{6DC59BE7-2A27-4F5D-A4BD-6EB01CCC0AF7}.Release|Any CPU.Build.0 = Release|Any CPU
	EndGlobalSection
	GlobalSection(SolutionProperties) = preSolution
		HideSolutionNode = FALSE
	EndGlobalSection
	GlobalSection(ExtensibilityGlobals) = postSolution
		SolutionGuid = {D3B19AED-DC74-42CB-8BF1-B4BEA7415629}
	EndGlobalSection
EndGlobal
